PODS:
  - KeyboardAdjuster (4.0.0)
  - Quick (3.0.0)
  - QuickTableView (3.0.0):
    - KeyboardAdjuster (~> 4)

DEPENDENCIES:
  - Quick (~> 3.0)
  - QuickTableView (from `../`)

SPEC REPOS:
  https://github.com/CocoaPods/Specs.git:
    - KeyboardAdjuster
    - Quick

EXTERNAL SOURCES:
  QuickTableView:
    :path: "../"

SPEC CHECKSUMS:
  KeyboardAdjuster: 50eec4e8d52fd5d7f5df74fc07193cdadcc88abb
  Quick: 6d9559f40647bc4d510103842ef2fdd882d753e2
  QuickTableView: 0cf286f0f32e78f3d42eb97b436bb05278c679c2

PODFILE CHECKSUM: fa6208e33dd8336320bbf385ab6fa041f91ceefc

COCOAPODS: 1.9.3
