PODS:
  - KeyboardAdjuster (5.0.2)
  - Quick (3.0.0)
  - QuickTableView (3.0.0):
    - KeyboardAdjuster (~> 5)

DEPENDENCIES:
  - Quick (~> 3.0)
  - QuickTableView (from `../`)

SPEC REPOS:
  https://github.com/CocoaPods/Specs.git:
    - KeyboardAdjuster
    - Quick

EXTERNAL SOURCES:
  QuickTableView:
    :path: "../"

SPEC CHECKSUMS:
  KeyboardAdjuster: 93eff119ccdeae5d997008a8d3258dce5fad2a4a
  Quick: 6d9559f40647bc4d510103842ef2fdd882d753e2
  QuickTableView: 072162cff24173a2e9454414fac357052f691ca6

PODFILE CHECKSUM: fa6208e33dd8336320bbf385ab6fa041f91ceefc

COCOAPODS: 1.9.3
